<?xml version="1.0" encoding="utf-8"?>
<Project ToolsVersion="4.0" xmlns="http://schemas.microsoft.com/developer/msbuild/2003">
  <ItemGroup>
    <Filter Include="Test Application">
      <UniqueIdentifier>{7d438305-f322-42c5-8b9a-66d5a81d0ed2}</UniqueIdentifier>
    </Filter>
    <Filter Include="wtMapbox">
      <UniqueIdentifier>{ecc4641f-b585-4bb7-bf7c-71d674826186}</UniqueIdentifier>
    </Filter>
    <Filter Include="wtMapbox\Layer">
      <UniqueIdentifier>{97fe50be-49fe-4c8e-8636-f885ab1a81a0}</UniqueIdentifier>
    </Filter>
    <Filter Include="wtMapbox\Source">
      <UniqueIdentifier>{b285de37-dab5-4a2c-86ba-83e5afcc2636}</UniqueIdentifier>
    </Filter>
    <Filter Include="Test Application\demos">
      <UniqueIdentifier>{a7e17b8e-a313-477b-8a7d-51ae4c9b1306}</UniqueIdentifier>
    </Filter>
    <Filter Include="wtMapbox\Control">
      <UniqueIdentifier>{743f117e-a04a-4b4b-a3e8-29a22eb68a2a}</UniqueIdentifier>
    </Filter>
  </ItemGroup>
  <ItemGroup>
    <ClCompile Include="stdafx.cpp">
      <Filter>Test Application</Filter>
    </ClCompile>
    <ClCompile Include="mapboxApplication.cpp">
      <Filter>Test Application</Filter>
    </ClCompile>
    <ClCompile Include="main.cpp">
      <Filter>Test Application</Filter>
    </ClCompile>
    <ClCompile Include="..\source\BackgroundLayer.cpp">
      <Filter>wtMapbox\Layer</Filter>
    </ClCompile>
    <ClCompile Include="..\source\Layer.cpp">
      <Filter>wtMapbox\Layer</Filter>
    </ClCompile>
    <ClCompile Include="..\source\Source.cpp">
      <Filter>wtMapbox\Source</Filter>
    </ClCompile>
    <ClCompile Include="..\source\GeoJSONSource.cpp">
      <Filter>wtMapbox\Source</Filter>
    </ClCompile>
    <ClCompile Include="..\source\Coordinate.cpp">
      <Filter>wtMapbox</Filter>
    </ClCompile>
    <ClCompile Include="..\source\Map.cpp">
      <Filter>wtMapbox</Filter>
    </ClCompile>
    <ClCompile Include="MenuBar.cpp">
      <Filter>Test Application</Filter>
    </ClCompile>
    <ClCompile Include="..\source\CircleLayer.cpp">
      <Filter>wtMapbox\Layer</Filter>
    </ClCompile>
    <ClCompile Include="..\source\FillLayer.cpp">
      <Filter>wtMapbox\Layer</Filter>
    </ClCompile>
    <ClCompile Include="..\source\LineLayer.cpp">
      <Filter>wtMapbox\Layer</Filter>
    </ClCompile>
    <ClCompile Include="..\include\SymbolLayer.cpp">
      <Filter>wtMapbox\Layer</Filter>
    </ClCompile>
    <ClCompile Include="..\source\Conversions.cpp">
      <Filter>wtMapbox</Filter>
    </ClCompile>
    <ClCompile Include="..\source\RasterLayer.cpp">
      <Filter>wtMapbox\Layer</Filter>
    </ClCompile>
    <ClCompile Include="..\source\VectorSource.cpp">
      <Filter>wtMapbox\Source</Filter>
    </ClCompile>
    <ClCompile Include="..\source\RasterSource.cpp">
      <Filter>wtMapbox\Source</Filter>
    </ClCompile>
    <ClCompile Include="..\source\ImageSource.cpp">
      <Filter>wtMapbox\Source</Filter>
    </ClCompile>
    <ClCompile Include="..\source\VideoSource.cpp">
      <Filter>wtMapbox\Source</Filter>
    </ClCompile>
    <ClCompile Include="..\source\GeoJSON.cpp">
      <Filter>wtMapbox</Filter>
    </ClCompile>
    <ClCompile Include="..\source\Popup.cpp">
      <Filter>wtMapbox</Filter>
    </ClCompile>
    <ClCompile Include="..\include\JSHandler.cpp">
      <Filter>wtMapbox</Filter>
    </ClCompile>
    <ClCompile Include="demo09_PitchAndBearing.cpp">
      <Filter>Test Application\demos</Filter>
    </ClCompile>
    <ClCompile Include="demo06_RasterTiles.cpp">
      <Filter>Test Application\demos</Filter>
    </ClCompile>
    <ClCompile Include="demo08_SetLanguage.cpp">
      <Filter>Test Application\demos</Filter>
    </ClCompile>
    <ClCompile Include="demo03_MapStyle.cpp">
      <Filter>Test Application\demos</Filter>
    </ClCompile>
    <ClCompile Include="demo05_HeightLines.cpp">
      <Filter>Test Application\demos</Filter>
    </ClCompile>
    <ClCompile Include="demo04_Heatmap.cpp">
      <Filter>Test Application\demos</Filter>
    </ClCompile>
    <ClCompile Include="demo07_FitBounds.cpp">
      <Filter>Test Application\demos</Filter>
    </ClCompile>
    <ClCompile Include="demo02_CreateClusters.cpp">
      <Filter>Test Application\demos</Filter>
    </ClCompile>
    <ClCompile Include="demo01_DisplayMap.cpp">
      <Filter>Test Application\demos</Filter>
    </ClCompile>
    <ClCompile Include="demo10_ChangeColors.cpp">
      <Filter>Test Application\demos</Filter>
    </ClCompile>
    <ClCompile Include="demo11_LayerOrder.cpp">
      <Filter>Test Application\demos</Filter>
    </ClCompile>
    <ClCompile Include="demo12_GeoJSONLine.cpp">
      <Filter>Test Application\demos</Filter>
    </ClCompile>
    <ClCompile Include="demo13_GeoJSONPoly.cpp">
      <Filter>Test Application\demos</Filter>
    </ClCompile>
    <ClCompile Include="demo14_GeoJSONPoint.cpp">
      <Filter>Test Application\demos</Filter>
    </ClCompile>
    <ClCompile Include="demo15_GetCoordinates.cpp">
      <Filter>Test Application\demos</Filter>
    </ClCompile>
    <ClCompile Include="demo16_DisplayPopup.cpp">
      <Filter>Test Application\demos</Filter>
    </ClCompile>
    <ClCompile Include="demo17_FeaturesBelowMouse.cpp">
      <Filter>Test Application\demos</Filter>
    </ClCompile>
    <ClCompile Include="demo18_FeatureOnClick.cpp">
      <Filter>Test Application\demos</Filter>
    </ClCompile>
    <ClCompile Include="demo19_InfoPopup.cpp">
      <Filter>Test Application\demos</Filter>
    </ClCompile>
    <ClCompile Include="demo20_MouseHighlight.cpp">
      <Filter>Test Application\demos</Filter>
    </ClCompile>
    <ClCompile Include="demo21_DataDrivenColors.cpp">
      <Filter>Test Application\demos</Filter>
    </ClCompile>
    <ClCompile Include="demo22_AddImage.cpp">
      <Filter>Test Application\demos</Filter>
    </ClCompile>
    <ClCompile Include="Demo23_AddVideo.cpp">
      <Filter>Test Application\demos</Filter>
    </ClCompile>
    <ClCompile Include="demo24_RealtimeData.cpp">
      <Filter>Test Application\demos</Filter>
    </ClCompile>
    <ClCompile Include="..\source\Control.cpp">
      <Filter>wtMapbox\Control</Filter>
    </ClCompile>
    <ClCompile Include="demo25_AddControls.cpp">
      <Filter>Test Application\demos</Filter>
    </ClCompile>
  </ItemGroup>
  <ItemGroup>
    <ClInclude Include="stdafx.h">
      <Filter>Test Application</Filter>
    </ClInclude>
    <ClInclude Include="mapboxApplication.h">
      <Filter>Test Application</Filter>
    </ClInclude>
    <ClInclude Include="..\include\BackgroundLayer.h">
      <Filter>wtMapbox\Layer</Filter>
    </ClInclude>
    <ClInclude Include="..\include\Layer.h">
      <Filter>wtMapbox\Layer</Filter>
    </ClInclude>
    <ClInclude Include="..\include\Source.h">
      <Filter>wtMapbox\Source</Filter>
    </ClInclude>
    <ClInclude Include="..\include\GeoJSONSource.h">
      <Filter>wtMapbox\Source</Filter>
    </ClInclude>
    <ClInclude Include="..\include\Coordinate.h">
      <Filter>wtMapbox</Filter>
    </ClInclude>
    <ClInclude Include="..\include\Map.h">
      <Filter>wtMapbox</Filter>
    </ClInclude>
    <ClInclude Include="..\include\wtMapbox.h">
      <Filter>wtMapbox</Filter>
    </ClInclude>
    <ClInclude Include="MenuBar.h">
      <Filter>Test Application</Filter>
    </ClInclude>
    <ClInclude Include="..\include\Enumerations.h">
      <Filter>wtMapbox</Filter>
    </ClInclude>
    <ClInclude Include="..\include\CircleLayer.h">
      <Filter>wtMapbox\Layer</Filter>
    </ClInclude>
    <ClInclude Include="..\include\FillLayer.h">
      <Filter>wtMapbox\Layer</Filter>
    </ClInclude>
    <ClInclude Include="..\include\LineLayer.h">
      <Filter>wtMapbox\Layer</Filter>
    </ClInclude>
    <ClInclude Include="..\include\SymbolLayer.h">
      <Filter>wtMapbox\Layer</Filter>
    </ClInclude>
    <ClInclude Include="..\include\Definitions.h">
      <Filter>wtMapbox</Filter>
    </ClInclude>
    <ClInclude Include="..\include\Conversions.h">
      <Filter>wtMapbox</Filter>
    </ClInclude>
    <ClInclude Include="..\include\RasterLayer.h">
      <Filter>wtMapbox\Layer</Filter>
    </ClInclude>
    <ClInclude Include="..\include\VectorSource.h">
      <Filter>wtMapbox\Source</Filter>
    </ClInclude>
    <ClInclude Include="..\include\RasterSource.h">
      <Filter>wtMapbox\Source</Filter>
    </ClInclude>
    <ClInclude Include="..\include\ImageSource.h">
      <Filter>wtMapbox\Source</Filter>
    </ClInclude>
    <ClInclude Include="..\include\VideoSource.h">
      <Filter>wtMapbox\Source</Filter>
    </ClInclude>
    <ClInclude Include="Demo.h">
      <Filter>Test Application\demos</Filter>
    </ClInclude>
    <ClInclude Include="resource.h" />
    <ClInclude Include="..\include\GeoJSON.h">
      <Filter>wtMapbox</Filter>
    </ClInclude>
    <ClInclude Include="..\include\Popup.h">
      <Filter>wtMapbox</Filter>
    </ClInclude>
    <ClInclude Include="..\include\JSHandler.h">
      <Filter>wtMapbox</Filter>
    </ClInclude>
    <ClInclude Include="demo09_PitchAndBearing.h">
      <Filter>Test Application\demos</Filter>
    </ClInclude>
    <ClInclude Include="demo06_RasterTiles.h">
      <Filter>Test Application\demos</Filter>
    </ClInclude>
    <ClInclude Include="demo08_SetLanguage.h">
      <Filter>Test Application\demos</Filter>
    </ClInclude>
    <ClInclude Include="demo03_MapStyle.h">
      <Filter>Test Application\demos</Filter>
    </ClInclude>
    <ClInclude Include="demo05_HeightLines.h">
      <Filter>Test Application\demos</Filter>
    </ClInclude>
    <ClInclude Include="demo04_Heatmap.h">
      <Filter>Test Application\demos</Filter>
    </ClInclude>
    <ClInclude Include="demo07_FitBounds.h">
      <Filter>Test Application\demos</Filter>
    </ClInclude>
    <ClInclude Include="demo01_DisplayMap.h">
      <Filter>Test Application\demos</Filter>
    </ClInclude>
    <ClInclude Include="demo02_CreateClusters.h">
      <Filter>Test Application\demos</Filter>
    </ClInclude>
    <ClInclude Include="demo10_ChangeColors.h">
      <Filter>Test Application\demos</Filter>
    </ClInclude>
    <ClInclude Include="demo11_LayerOrder.h">
      <Filter>Test Application\demos</Filter>
    </ClInclude>
    <ClInclude Include="demo12_GeoJSONLine.h">
      <Filter>Test Application\demos</Filter>
    </ClInclude>
    <ClInclude Include="demo13_GeoJSONPoly.h">
      <Filter>Test Application\demos</Filter>
    </ClInclude>
    <ClInclude Include="demo14_GeoJSONPoint.h">
      <Filter>Test Application\demos</Filter>
    </ClInclude>
    <ClInclude Include="demo15_GetCoordinates.h">
      <Filter>Test Application\demos</Filter>
    </ClInclude>
    <ClInclude Include="demo16_DisplayPopup.h">
      <Filter>Test Application\demos</Filter>
    </ClInclude>
    <ClInclude Include="demo17_FeaturesBelowMouse.h">
      <Filter>Test Application\demos</Filter>
    </ClInclude>
    <ClInclude Include="demo18_FeatureOnClick.h">
      <Filter>Test Application\demos</Filter>
    </ClInclude>
    <ClInclude Include="demo19_InfoPopup.h">
      <Filter>Test Application\demos</Filter>
    </ClInclude>
    <ClInclude Include="demo20_MouseHighlight.h">
      <Filter>Test Application\demos</Filter>
    </ClInclude>
    <ClInclude Include="demo21_DataDrivenColors.h">
      <Filter>Test Application\demos</Filter>
    </ClInclude>
    <ClInclude Include="demo22_AddImage.h">
      <Filter>Test Application\demos</Filter>
    </ClInclude>
    <ClInclude Include="demo23_AddVideo.h">
      <Filter>Test Application\demos</Filter>
    </ClInclude>
    <ClInclude Include="demo24_RealtimeData.h">
      <Filter>Test Application\demos</Filter>
    </ClInclude>
    <ClInclude Include="..\include\Control.h">
      <Filter>wtMapbox\Control</Filter>
    </ClInclude>
    <ClInclude Include="demo25_AddControls.h">
      <Filter>Test Application\demos</Filter>
    </ClInclude>
  </ItemGroup>
  <ItemGroup>
    <None Include="..\bin\wtMapExample.css" />
  </ItemGroup>
  <ItemGroup>
    <ResourceCompile Include="example.rc" />
  </ItemGroup>
</Project>